
Microsoft Visual Studio Solution File, Format Version 12.00
# Visual Studio Version 17
VisualStudioVersion = 17.4.33103.184
MinimumVisualStudioVersion = 10.0.40219.1
Project("{FAE04EC0-301F-11D3-BF4B-00C04F79EFBC}") = "webapi.event+.manha", "webapi.event+.manha.csproj", "{AB8EB519-EC3E-4730-9EDD-97DA71F9551F}"
EndProject
Global
	GlobalSection(SolutionConfigurationPlatforms) = preSolution
		Debug|Any CPU = Debug|Any CPU
		Release|Any CPU = Release|Any CPU
	EndGlobalSection
	GlobalSection(ProjectConfigurationPlatforms) = postSolution
		{AB8EB519-EC3E-4730-9EDD-97DA71F9551F}.Debug|Any CPU.ActiveCfg = Debug|Any CPU
		{AB8EB519-EC3E-4730-9EDD-97DA71F9551F}.Debug|Any CPU.Build.0 = Debug|Any CPU
		{AB8EB519-EC3E-4730-9EDD-97DA71F9551F}.Release|Any CPU.ActiveCfg = Release|Any CPU
		{AB8EB519-EC3E-4730-9EDD-97DA71F9551F}.Release|Any CPU.Build.0 = Release|Any CPU
	EndGlobalSection
	GlobalSection(SolutionProperties) = preSolution
		HideSolutionNode = FALSE
	EndGlobalSection
	GlobalSection(ExtensibilityGlobals) = postSolution
		SolutionGuid = {248B4AAE-A852-416B-A2E4-93E05EEA0046}
	EndGlobalSection
EndGlobal
